{
  "pins" : [
    {
      "identity" : "alamofire",
      "kind" : "remoteSourceControl",
      "location" : "https://github.com/Alamofire/Alamofire",
      "state" : {
        "revision" : "3dc6a42c7727c49bf26508e29b0a0b35f9c7e1ad",
        "version" : "5.8.1"
      }
    },
    {
      "identity" : "foundationx",
      "kind" : "remoteSourceControl",
      "location" : "https://github.com/Lguanghui/FoundationX.git",
      "state" : {
        "branch" : "master",
        "revision" : "e8969515f27a8d54714b7d1af55deca060dc5cc9"
      }
    }
  ],
  "version" : 2
}
